PODS:
  - SideMenu (6.4.9)
  - TTGTagCollectionView (1.11.1)

DEPENDENCIES:
  - SideMenu
  - TTGTagCollectionView

SPEC REPOS:
  https://cocoapods-cdn.netlify.app/:
    - SideMenu
    - TTGTagCollectionView

SPEC CHECKSUMS:
  SideMenu: 8ef57a3cfc024a2d3fc1c036c7fe98537baec9e0
  TTGTagCollectionView: 86fcbfa6a7493c9e860b01c2e693cffc8acf6de1

PODFILE CHECKSUM: 599562e15eda7d4ceb90e3613211aa608c1e0859

COCOAPODS: 1.11.3
